{
  "object": {
    "pins": [
      {
        "package": "PersistanceManager",
        "repositoryURL": "https://github.com/kamaal111/PersistanceManager.git",
        "state": {
          "branch": null,
          "revision": "65aca49508bab6688b7642b7758baa9a598309ed",
          "version": "2.0.0"
        }
      }
    ]
  },
  "version": 1
}
